
Microsoft Visual Studio Solution File, Format Version 12.00
# Visual Studio Version 17
VisualStudioVersion = 17.3.32922.545
MinimumVisualStudioVersion = 10.0.40219.1
Project("{FAE04EC0-301F-11D3-BF4B-00C04F79EFBC}") = "BulkyBookWeb", "BulkyBookWeb\BulkyBookWeb.csproj", "{DD300510-9259-4CF7-8DEE-FB31C7B8F9F6}"
EndProject
Global
	GlobalSection(SolutionConfigurationPlatforms) = preSolution
		Debug|Any CPU = Debug|Any CPU
		Release|Any CPU = Release|Any CPU
	EndGlobalSection
	GlobalSection(ProjectConfigurationPlatforms) = postSolution
		{DD300510-9259-4CF7-8DEE-FB31C7B8F9F6}.Debug|Any CPU.ActiveCfg = Debug|Any CPU
		{DD300510-9259-4CF7-8DEE-FB31C7B8F9F6}.Debug|Any CPU.Build.0 = Debug|Any CPU
		{DD300510-9259-4CF7-8DEE-FB31C7B8F9F6}.Release|Any CPU.ActiveCfg = Release|Any CPU
		{DD300510-9259-4CF7-8DEE-FB31C7B8F9F6}.Release|Any CPU.Build.0 = Release|Any CPU
	EndGlobalSection
	GlobalSection(SolutionProperties) = preSolution
		HideSolutionNode = FALSE
	EndGlobalSection
	GlobalSection(ExtensibilityGlobals) = postSolution
		SolutionGuid = {3CFCEC98-7AAC-4B78-B427-001C1BB59CF3}
	EndGlobalSection
EndGlobal
